PODS:
  - Alamofire (4.2.0)
  - JLRoutes (2.0.1)
  - KIF (3.5.1):
    - KIF/Core (= 3.5.1)
  - KIF/Core (3.5.1)
  - Nimble (5.1.1)
  - PKHUD (4.2.3)
  - puremvc (0.0.1)
  - Quick (1.0.0)
  - RxAlamofire (3.0.2):
    - RxAlamofire/Core (= 3.0.2)
  - RxAlamofire/Core (3.0.2):
    - Alamofire (~> 4.0)
    - RxSwift (~> 3.0)
  - RxBlocking (3.0.1):
    - RxSwift (~> 3.0)
  - RxCocoa (3.0.1):
    - RxSwift (~> 3.0)
  - RxOptional (3.1.3):
    - RxCocoa
    - RxSwift
  - RxSwift (3.0.1)
  - SnapKit (3.0.2)

DEPENDENCIES:
  - Alamofire (~> 4.2)
  - JLRoutes
  - KIF (~> 3.0)
  - Nimble (~> 5.1)
  - PKHUD (~> 4.0)
  - puremvc
  - Quick (~> 1.0)
  - RxAlamofire
  - RxBlocking
  - RxCocoa
  - RxOptional
  - RxSwift
  - SnapKit (~> 3.0)

SPEC CHECKSUMS:
  Alamofire: aa2e09d871c9160ac53c90e83c68064a94e3dfbe
  JLRoutes: 3652abe3b4ac51bc93ec3a371353d762e8566092
  KIF: 082eb65279e51c3092923802849eb796a04982ab
  Nimble: 415e3aa3267e7bc2c96b05fa814ddea7bb686a29
  PKHUD: c7692163a09875cbf15827dc581df3c5cf7f1015
  puremvc: 399968c11c9d4e30dd5ddcf810781f582469e26e
  Quick: 8024e4a47e6cc03a9d5245ef0948264fc6d27cff
  RxAlamofire: bc53604b29fd2d220cfaa490c736cc4500819f34
  RxBlocking: 5de082d09d1ab45b49173f309f1a97d6b50f34c4
  RxCocoa: 15a52fc590dcc700cb4a690a633b5c5184ce3a78
  RxOptional: b97b59183af80d1e729ac9e51d09a10be668d6a8
  RxSwift: af5680055c4ad04480189c52d28385b1029493a6
  SnapKit: 2e456761aa92d4d4067a7a5594c18769d451a8ad

PODFILE CHECKSUM: f3d464f0541aeecfaaff75e071398c5442dea33f

COCOAPODS: 1.1.1
